
Microsoft Visual Studio Solution File, Format Version 12.00
# Visual Studio 2017
Project("{FAE04EC0-301F-11D3-BF4B-00C04F79EFBC}") = "Top Down Shooter Boy", "Top Down Shooter Boy.csproj", "{2280A8B0-84B8-5F35-BD28-17869274B686}"
EndProject
Global
	GlobalSection(SolutionConfigurationPlatforms) = preSolution
		Debug|Any CPU = Debug|Any CPU
		Release|Any CPU = Release|Any CPU
	EndGlobalSection
	GlobalSection(ProjectConfigurationPlatforms) = postSolution
		{2280A8B0-84B8-5F35-BD28-17869274B686}.Debug|Any CPU.ActiveCfg = Debug|Any CPU
		{2280A8B0-84B8-5F35-BD28-17869274B686}.Debug|Any CPU.Build.0 = Debug|Any CPU
		{2280A8B0-84B8-5F35-BD28-17869274B686}.Release|Any CPU.ActiveCfg = Release|Any CPU
		{2280A8B0-84B8-5F35-BD28-17869274B686}.Release|Any CPU.Build.0 = Release|Any CPU
	EndGlobalSection
	GlobalSection(SolutionProperties) = preSolution
		HideSolutionNode = FALSE
	EndGlobalSection
EndGlobal
